
Microsoft Visual Studio Solution File, Format Version 12.00
# Visual Studio 15
VisualStudioVersion = 15.0.28307.779
MinimumVisualStudioVersion = 10.0.40219.1
Project("{FAE04EC0-301F-11D3-BF4B-00C04F79EFBC}") = "EH.Assessment.Presentation", "EH.Assessment.Presentation\EH.Assessment.Presentation.csproj", "{BD855F1D-C124-460A-8512-9C757BB66CCE}"
EndProject
Project("{FAE04EC0-301F-11D3-BF4B-00C04F79EFBC}") = "EH.Assessment.Models", "EH.Assessment.Models\EH.Assessment.Models.csproj", "{CECEA9C0-D750-4877-9DA1-4333D9E4AEA2}"
EndProject
Project("{FAE04EC0-301F-11D3-BF4B-00C04F79EFBC}") = "EH.Assessment.Data", "EH.Assessment.Data\EH.Assessment.Data.csproj", "{26BF7EE5-34EB-461B-9A43-692284B9F121}"
EndProject
Global
	GlobalSection(SolutionConfigurationPlatforms) = preSolution
		Debug|Any CPU = Debug|Any CPU
		Release|Any CPU = Release|Any CPU
	EndGlobalSection
	GlobalSection(ProjectConfigurationPlatforms) = postSolution
		{BD855F1D-C124-460A-8512-9C757BB66CCE}.Debug|Any CPU.ActiveCfg = Debug|Any CPU
		{BD855F1D-C124-460A-8512-9C757BB66CCE}.Debug|Any CPU.Build.0 = Debug|Any CPU
		{BD855F1D-C124-460A-8512-9C757BB66CCE}.Release|Any CPU.ActiveCfg = Release|Any CPU
		{BD855F1D-C124-460A-8512-9C757BB66CCE}.Release|Any CPU.Build.0 = Release|Any CPU
		{CECEA9C0-D750-4877-9DA1-4333D9E4AEA2}.Debug|Any CPU.ActiveCfg = Debug|Any CPU
		{CECEA9C0-D750-4877-9DA1-4333D9E4AEA2}.Debug|Any CPU.Build.0 = Debug|Any CPU
		{CECEA9C0-D750-4877-9DA1-4333D9E4AEA2}.Release|Any CPU.ActiveCfg = Release|Any CPU
		{CECEA9C0-D750-4877-9DA1-4333D9E4AEA2}.Release|Any CPU.Build.0 = Release|Any CPU
		{26BF7EE5-34EB-461B-9A43-692284B9F121}.Debug|Any CPU.ActiveCfg = Debug|Any CPU
		{26BF7EE5-34EB-461B-9A43-692284B9F121}.Debug|Any CPU.Build.0 = Debug|Any CPU
		{26BF7EE5-34EB-461B-9A43-692284B9F121}.Release|Any CPU.ActiveCfg = Release|Any CPU
		{26BF7EE5-34EB-461B-9A43-692284B9F121}.Release|Any CPU.Build.0 = Release|Any CPU
	EndGlobalSection
	GlobalSection(SolutionProperties) = preSolution
		HideSolutionNode = FALSE
	EndGlobalSection
	GlobalSection(ExtensibilityGlobals) = postSolution
		SolutionGuid = {E7434647-68CD-4E78-8C19-D15C632980E9}
	EndGlobalSection
EndGlobal
